// !$*UTF8*$!
{
	archiveVersion = 1;
	classes = {
	};
	objectVersion = 48;
	objects = {

/* Begin PBXBuildFile section */
		BA0E9AFC204DBE8F0051CA2F /* AppDelegate.swift in Sources */ = {isa = PBXBuildFile; fileRef = BA0E9AFB204DBE8F0051CA2F /* AppDelegate.swift */; };
		BA0E9AFE204DBE8F0051CA2F /* ViewController.swift in Sources */ = {isa = PBXBuildFile; fileRef = BA0E9AFD204DBE8F0051CA2F /* ViewController.swift */; };
		BA0E9B01204DBE8F0051CA2F /* Main.storyboard in Resources */ = {isa = PBXBuildFile; fileRef = BA0E9AFF204DBE8F0051CA2F /* Main.storyboard */; };
		BA0E9B03204DBE8F0051CA2F /* Assets.xcassets in Resources */ = {isa = PBXBuildFile; fileRef = BA0E9B02204DBE8F0051CA2F /* Assets.xcassets */; };
		BA0E9B06204DBE8F0051CA2F /* LaunchScreen.storyboard in Resources */ = {isa = PBXBuildFile; fileRef = BA0E9B04204DBE8F0051CA2F /* LaunchScreen.storyboard */; };
		BA0E9B0E204DC0760051CA2F /* NameAndColorCell.swift in Sources */ = {isa = PBXBuildFile; fileRef = BA0E9B0D204DC0760051CA2F /* NameAndColorCell.swift */; };
/* End PBXBuildFile section */

/* Begin PBXFileReference section */
		BA0E9AF8204DBE8F0051CA2F /* TableCells.app */ = {isa = PBXFileReference; explicitFileType = wrapper.application; includeInIndex = 0; path = TableCells.app; sourceTree = BUILT_PRODUCTS_DIR; };
		BA0E9AFB204DBE8F0051CA2F /* AppDelegate.swift */ = {isa = PBXFileReference; lastKnownFileType = sourcecode.swift; path = AppDelegate.swift; sourceTree = "<group>"; };
		BA0E9AFD204DBE8F0051CA2F /* ViewController.swift */ = {isa = PBXFileReference; lastKnownFileType = sourcecode.swift; path = ViewController.swift; sourceTree = "<group>"; };
		BA0E9B00204DBE8F0051CA2F /* Base */ = {isa = PBXFileReference; lastKnownFileType = file.storyboard; name = Base; path = Base.lproj/Main.storyboard; sourceTree = "<group>"; };
		BA0E9B02204DBE8F0051CA2F /* Assets.xcassets */ = {isa = PBXFileReference; lastKnownFileType = folder.assetcatalog; path = Assets.xcassets; sourceTree = "<group>"; };
		BA0E9B05204DBE8F0051CA2F /* Base */ = {isa = PBXFileReference; lastKnownFileType = file.storyboard; name = Base; path = Base.lproj/LaunchScreen.storyboard; sourceTree = "<group>"; };
		BA0E9B07204DBE8F0051CA2F /* Info.plist */ = {isa = PBXFileReference; lastKnownFileType = text.plist.xml; path = Info.plist; sourceTree = "<group>"; };
		BA0E9B0D204DC0760051CA2F /* NameAndColorCell.swift */ = {isa = PBXFileReference; lastKnownFileType = sourcecode.swift; path = NameAndColorCell.swift; sourceTree = "<group>"; };
/* End PBXFileReference section */

/* Begin PBXFrameworksBuildPhase section */
		BA0E9AF5204DBE8F0051CA2F /* Frameworks */ = {
			isa = PBXFrameworksBuildPhase;
			buildActionMask = 2147483647;
			files = (
			);
			runOnlyForDeploymentPostprocessing = 0;
		};
/* End PBXFrameworksBuildPhase section */

/* Begin PBXGroup section */
		BA0E9AEF204DBE8F0051CA2F = {
			isa = PBXGroup;
			children = (
				BA0E9AFA204DBE8F0051CA2F /* TableCells */,
				BA0E9AF9204DBE8F0051CA2F /* Products */,
			);
			sourceTree = "<group>";
		};
		BA0E9AF9204DBE8F0051CA2F /* Products */ = {
			isa = PBXGroup;
			children = (
				BA0E9AF8204DBE8F0051CA2F /* TableCells.app */,
			);
			name = Products;
			sourceTree = "<group>";
		};
		BA0E9AFA204DBE8F0051CA2F /* TableCells */ = {
			isa = PBXGroup;
			children = (
				BA0E9AFB204DBE8F0051CA2F /* AppDelegate.swift */,
				BA0E9AFD204DBE8F0051CA2F /* ViewController.swift */,
				BA0E9AFF204DBE8F0051CA2F /* Main.storyboard */,
				BA0E9B02204DBE8F0051CA2F /* Assets.xcassets */,
				BA0E9B04204DBE8F0051CA2F /* LaunchScreen.storyboard */,
				BA0E9B07204DBE8F0051CA2F /* Info.plist */,
				BA0E9B0D204DC0760051CA2F /* NameAndColorCell.swift */,
			);
			path = TableCells;
			sourceTree = "<group>";
		};
/* End PBXGroup section */

/* Begin PBXNativeTarget section */
		BA0E9AF7204DBE8F0051CA2F /* TableCells */ = {
			isa = PBXNativeTarget;
			buildConfigurationList = BA0E9B0A204DBE8F0051CA2F /* Build configuration list for PBXNativeTarget "TableCells" */;
			buildPhases = (
				BA0E9AF4204DBE8F0051CA2F /* Sources */,
				BA0E9AF5204DBE8F0051CA2F /* Frameworks */,
				BA0E9AF6204DBE8F0051CA2F /* Resources */,
			);
			buildRules = (
			);
			dependencies = (
			);
			name = TableCells;
			productName = TableCells;
			productReference = BA0E9AF8204DBE8F0051CA2F /* TableCells.app */;
			productType = "com.apple.product-type.application";
		};
/* End PBXNativeTarget section */

/* Begin PBXProject section */
		BA0E9AF0204DBE8F0051CA2F /* Project object */ = {
			isa = PBXProject;
			attributes = {
				LastSwiftUpdateCheck = 0920;
				LastUpgradeCheck = 0920;
				ORGANIZATIONNAME = JavierPerez;
				TargetAttributes = {
					BA0E9AF7204DBE8F0051CA2F = {
						CreatedOnToolsVersion = 9.2;
						ProvisioningStyle = Automatic;
					};
				};
			};
			buildConfigurationList = BA0E9AF3204DBE8F0051CA2F /* Build configuration list for PBXProject "TableCells" */;
			compatibilityVersion = "Xcode 8.0";
			developmentRegion = en;
			hasScannedForEncodings = 0;
			knownRegions = (
				en,
				Base,
			);
			mainGroup = BA0E9AEF204DBE8F0051CA2F;
			productRefGroup = BA0E9AF9204DBE8F0051CA2F /* Products */;
			projectDirPath = "";
			projectRoot = "";
			targets = (
				BA0E9AF7204DBE8F0051CA2F /* TableCells */,
			);
		};
/* End PBXProject section */

/* Begin PBXResourcesBuildPhase section */
		BA0E9AF6204DBE8F0051CA2F /* Resources */ = {
			isa = PBXResourcesBuildPhase;
			buildActionMask = 2147483647;
			files = (
				BA0E9B06204DBE8F0051CA2F /* LaunchScreen.storyboard in Resources */,
				BA0E9B03204DBE8F0051CA2F /* Assets.xcassets in Resources */,
				BA0E9B01204DBE8F0051CA2F /* Main.storyboard in Resources */,
			);
			runOnlyForDeploymentPostprocessing = 0;
		};
/* End PBXResourcesBuildPhase section */

/* Begin PBXSourcesBuildPhase section */
		BA0E9AF4204DBE8F0051CA2F /* Sources */ = {
			isa = PBXSourcesBuildPhase;
			buildActionMask = 2147483647;
			files = (
				BA0E9B0E204DC0760051CA2F /* NameAndColorCell.swift in Sources */,
				BA0E9AFE204DBE8F0051CA2F /* ViewController.swift in Sources */,
				BA0E9AFC204DBE8F0051CA2F /* AppDelegate.swift in Sources */,
			);
			runOnlyForDeploymentPostprocessing = 0;
		};
/* End PBXSourcesBuildPhase section */

/* Begin PBXVariantGroup section */
		BA0E9AFF204DBE8F0051CA2F /* Main.storyboard */ = {
			isa = PBXVariantGroup;
			children = (
				BA0E9B00204DBE8F0051CA2F /* Base */,
			);
			name = Main.storyboard;
			sourceTree = "<group>";
		};
		BA0E9B04204DBE8F0051CA2F /* LaunchScreen.storyboard */ = {
			isa = PBXVariantGroup;
			children = (
				BA0E9B05204DBE8F0051CA2F /* Base */,
			);
			name = LaunchScreen.storyboard;
			sourceTree = "<group>";
		};
/* End PBXVariantGroup section */

/* Begin XCBuildConfiguration section */
		BA0E9B08204DBE8F0051CA2F /* Debug */ = {
			isa = XCBuildConfiguration;
			buildSettings = {
				ALWAYS_SEARCH_USER_PATHS = NO;
				CLANG_ANALYZER_NONNULL = YES;
				CLANG_ANALYZER_NUMBER_OBJECT_CONVERSION = YES_AGGRESSIVE;
				CLANG_CXX_LANGUAGE_STANDARD = "gnu++14";
				CLANG_CXX_LIBRARY = "libc++";
				CLANG_ENABLE_MODULES = YES;
				CLANG_ENABLE_OBJC_ARC = YES;
				CLANG_WARN_BLOCK_CAPTURE_AUTORELEASING = YES;
				CLANG_WARN_BOOL_CONVERSION = YES;
				CLANG_WARN_COMMA = YES;
				CLANG_WARN_CONSTANT_CONVERSION = YES;
				CLANG_WARN_DIRECT_OBJC_ISA_USAGE = YES_ERROR;
				CLANG_WARN_DOCUMENTATION_COMMENTS = YES;
				CLANG_WARN_EMPTY_BODY = YES;
				CLANG_WARN_ENUM_CONVERSION = YES;
				CLANG_WARN_INFINITE_RECURSION = YES;
				CLANG_WARN_INT_CONVERSION = YES;
				CLANG_WARN_NON_LITERAL_NULL_CONVERSION = YES;
				CLANG_WARN_OBJC_LITERAL_CONVERSION = YES;
				CLANG_WARN_OBJC_ROOT_CLASS = YES_ERROR;
				CLANG_WARN_RANGE_LOOP_ANALYSIS = YES;
				CLANG_WARN_STRICT_PROTOTYPES = YES;
				CLANG_WARN_SUSPICIOUS_MOVE = YES;
				CLANG_WARN_UNGUARDED_AVAILABILITY = YES_AGGRESSIVE;
				CLANG_WARN_UNREACHABLE_CODE = YES;
				CLANG_WARN__DUPLICATE_METHOD_MATCH = YES;
				CODE_SIGN_IDENTITY = "iPhone Developer";
				COPY_PHASE_STRIP = NO;
				DEBUG_INFORMATION_FORMAT = dwarf;
				ENABLE_STRICT_OBJC_MSGSEND = YES;
				ENABLE_TESTABILITY = YES;
				GCC_C_LANGUAGE_STANDARD = gnu11;
				GCC_DYNAMIC_NO_PIC = NO;
				GCC_NO_COMMON_BLOCKS = YES;
				GCC_OPTIMIZATION_LEVEL = 0;
				GCC_PREPROCESSOR_DEFINITIONS = (
					"DEBUG=1",
					"$(inherited)",
				);
				GCC_WARN_64_TO_32_BIT_CONVERSION = YES;
				GCC_WARN_ABOUT_RETURN_TYPE = YES_ERROR;
				GCC_WARN_UNDECLARED_SELECTOR = YES;
				GCC_WARN_UNINITIALIZED_AUTOS = YES_AGGRESSIVE;
				GCC_WARN_UNUSED_FUNCTION = YES;
				GCC_WARN_UNUSED_VARIABLE = YES;
				IPHONEOS_DEPLOYMENT_TARGET = 11.2;
				MTL_ENABLE_DEBUG_INFO = YES;
				ONLY_ACTIVE_ARCH = YES;
				SDKROOT = iphoneos;
				SWIFT_ACTIVE_COMPILATION_CONDITIONS = DEBUG;
				SWIFT_OPTIMIZATION_LEVEL = "-Onone";
			};
			name = Debug;
		};
		BA0E9B09204DBE8F0051CA2F /* Release */ = {
			isa = XCBuildConfiguration;
			buildSettings = {
				ALWAYS_SEARCH_USER_PATHS = NO;
				CLANG_ANALYZER_NONNULL = YES;
				CLANG_ANALYZER_NUMBER_OBJECT_CONVERSION = YES_AGGRESSIVE;
				CLANG_CXX_LANGUAGE_STANDARD = "gnu++14";
				CLANG_CXX_LIBRARY = "libc++";
				CLANG_ENABLE_MODULES = YES;
				CLANG_ENABLE_OBJC_ARC = YES;
				CLANG_WARN_BLOCK_CAPTURE_AUTORELEASING = YES;
				CLANG_WARN_BOOL_CONVERSION = YES;
				CLANG_WARN_COMMA = YES;
				CLANG_WARN_CONSTANT_CONVERSION = YES;
				CLANG_WARN_DIRECT_OBJC_ISA_USAGE = YES_ERROR;
				CLANG_WARN_DOCUMENTATION_COMMENTS = YES;
				CLANG_WARN_EMPTY_BODY = YES;
				CLANG_WARN_ENUM_CONVERSION = YES;
				CLANG_WARN_INFINITE_RECURSION = YES;
				CLANG_WARN_INT_CONVERSION = YES;
				CLANG_WARN_NON_LITERAL_NULL_CONVERSION = YES;
				CLANG_WARN_OBJC_LITERAL_CONVERSION = YES;
				CLANG_WARN_OBJC_ROOT_CLASS = YES_ERROR;
				CLANG_WARN_RANGE_LOOP_ANALYSIS = YES;
				CLANG_WARN_STRICT_PROTOTYPES = YES;
				CLANG_WARN_SUSPICIOUS_MOVE = YES;
				CLANG_WARN_UNGUARDED_AVAILABILITY = YES_AGGRESSIVE;
				CLANG_WARN_UNREACHABLE_CODE = YES;
				CLANG_WARN__DUPLICATE_METHOD_MATCH = YES;
				CODE_SIGN_IDENTITY = "iPhone Developer";
				COPY_PHASE_STRIP = NO;
				DEBUG_INFORMATION_FORMAT = "dwarf-with-dsym";
				ENABLE_NS_ASSERTIONS = NO;
				ENABLE_STRICT_OBJC_MSGSEND = YES;
				GCC_C_LANGUAGE_STANDARD = gnu11;
				GCC_NO_COMMON_BLOCKS = YES;
				GCC_WARN_64_TO_32_BIT_CONVERSION = YES;
				GCC_WARN_ABOUT_RETURN_TYPE = YES_ERROR;
				GCC_WARN_UNDECLARED_SELECTOR = YES;
				GCC_WARN_UNINITIALIZED_AUTOS = YES_AGGRESSIVE;
				GCC_WARN_UNUSED_FUNCTION = YES;
				GCC_WARN_UNUSED_VARIABLE = YES;
				IPHONEOS_DEPLOYMENT_TARGET = 11.2;
				MTL_ENABLE_DEBUG_INFO = NO;
				SDKROOT = iphoneos;
				SWIFT_OPTIMIZATION_LEVEL = "-Owholemodule";
				VALIDATE_PRODUCT = YES;
			};
			name = Release;
		};
		BA0E9B0B204DBE8F0051CA2F /* Debug */ = {
			isa = XCBuildConfiguration;
			buildSettings = {
				ASSETCATALOG_COMPILER_APPICON_NAME = AppIcon;
				CODE_SIGN_STYLE = Automatic;
				INFOPLIST_FILE = TableCells/Info.plist;
				LD_RUNPATH_SEARCH_PATHS = "$(inherited) @executable_path/Frameworks";
				PRODUCT_BUNDLE_IDENTIFIER = com.JavierPerez.TableCells;
				PRODUCT_NAME = "$(TARGET_NAME)";
				SWIFT_VERSION = 4.0;
				TARGETED_DEVICE_FAMILY = "1,2";
			};
			name = Debug;
		};
		BA0E9B0C204DBE8F0051CA2F /* Release */ = {
			isa = XCBuildConfiguration;
			buildSettings = {
				ASSETCATALOG_COMPILER_APPICON_NAME = AppIcon;
				CODE_SIGN_STYLE = Automatic;
				INFOPLIST_FILE = TableCells/Info.plist;
				LD_RUNPATH_SEARCH_PATHS = "$(inherited) @executable_path/Frameworks";
				PRODUCT_BUNDLE_IDENTIFIER = com.JavierPerez.TableCells;
				PRODUCT_NAME = "$(TARGET_NAME)";
				SWIFT_VERSION = 4.0;
				TARGETED_DEVICE_FAMILY = "1,2";
			};
			name = Release;
		};
/* End XCBuildConfiguration section */

/* Begin XCConfigurationList section */
		BA0E9AF3204DBE8F0051CA2F /* Build configuration list for PBXProject "TableCells" */ = {
			isa = XCConfigurationList;
			buildConfigurations = (
				BA0E9B08204DBE8F0051CA2F /* Debug */,
				BA0E9B09204DBE8F0051CA2F /* Release */,
			);
			defaultConfigurationIsVisible = 0;
			defaultConfigurationName = Release;
		};
		BA0E9B0A204DBE8F0051CA2F /* Build configuration list for PBXNativeTarget "TableCells" */ = {
			isa = XCConfigurationList;
			buildConfigurations = (
				BA0E9B0B204DBE8F0051CA2F /* Debug */,
				BA0E9B0C204DBE8F0051CA2F /* Release */,
			);
			defaultConfigurationIsVisible = 0;
			defaultConfigurationName = Release;
		};
/* End XCConfigurationList section */
	};
	rootObject = BA0E9AF0204DBE8F0051CA2F /* Project object */;
}
